{
  "version": 4,
  "terraform_version": "1.2.8",
  "serial": 136,
  "lineage": "76703c0c-1ec8-4c81-8a29-ad3b970316fa",
  "outputs": {},
  "resources": [
    {
      "mode": "managed",
      "type": "google_container_cluster",
      "name": "todo-app-cluster",
      "provider": "provider[\"registry.terraform.io/hashicorp/google\"]",
      "instances": [
        {
          "schema_version": 1,
          "attributes": {
            "addons_config": [
              {
                "cloudrun_config": [],
                "dns_cache_config": [],
                "gce_persistent_disk_csi_driver_config": [
                  {
                    "enabled": true
                  }
                ],
                "gcp_filestore_csi_driver_config": [],
                "horizontal_pod_autoscaling": [],
                "http_load_balancing": [],
                "network_policy_config": [
                  {
                    "disabled": true
                  }
                ]
              }
            ],
            "authenticator_groups_config": [],
            "binary_authorization": [
              {
                "enabled": false,
                "evaluation_mode": ""
              }
            ],
            "cluster_autoscaling": [
              {
                "auto_provisioning_defaults": [],
                "enabled": false,
                "resource_limits": []
              }
            ],
            "cluster_ipv4_cidr": "10.104.0.0/14",
            "confidential_nodes": [],
            "database_encryption": [
              {
                "key_name": "",
                "state": "DECRYPTED"
              }
            ],
            "datapath_provider": "",
            "default_max_pods_per_node": null,
            "default_snat_status": [
              {
                "disabled": false
              }
            ],
            "description": "",
            "dns_config": [],
            "enable_autopilot": false,
            "enable_binary_authorization": false,
            "enable_intranode_visibility": false,
            "enable_kubernetes_alpha": false,
            "enable_legacy_abac": false,
            "enable_shielded_nodes": true,
            "enable_tpu": false,
            "endpoint": "34.118.72.189",
            "id": "projects/altenar-deliseev-0/locations/europe-central2-a/clusters/todo-app-cluster",
            "initial_node_count": 1,
            "ip_allocation_policy": [],
            "label_fingerprint": "a9dc16a7",
            "location": "europe-central2-a",
            "logging_config": [
              {
                "enable_components": [
                  "SYSTEM_COMPONENTS",
                  "WORKLOADS"
                ]
              }
            ],
            "logging_service": "logging.googleapis.com/kubernetes",
            "maintenance_policy": [],
            "master_auth": [
              {
                "client_certificate": "",
                "client_certificate_config": [
                  {
                    "issue_client_certificate": false
                  }
                ],
                "client_key": "",
                "cluster_ca_certificate": "LS0tLS1CRUdJTiBDRVJUSUZJQ0FURS0tLS0tCk1JSUVMRENDQXBTZ0F3SUJBZ0lRYlRHN3VvdmU2Q3pOSTN6S0lIZFNQekFOQmdrcWhraUc5dzBCQVFzRkFEQXYKTVMwd0t3WURWUVFERXlSa05UWmhaVGsxWVMwNFpqSmhMVFEzTW1VdE9XTmtZUzAwTVRBNVpUWTNZMlV3TVdZdwpJQmNOTWpJd09URTVNVEF3TWpJeVdoZ1BNakExTWpBNU1URXhNVEF5TWpKYU1DOHhMVEFyQmdOVkJBTVRKR1ExCk5tRmxPVFZoTFRobU1tRXRORGN5WlMwNVkyUmhMVFF4TURsbE5qZGpaVEF4WmpDQ0FhSXdEUVlKS29aSWh2Y04KQVFFQkJRQURnZ0dQQURDQ0FZb0NnZ0dCQUp1SXNCa2lKZXc4YWhBTjFjbTZEYkhpR0lOTHpLcXFibG5CTm95bgpCdzA0SE9TeXlWQkN1cUtSUEtWbEs5aFlqT2FGN0tTY08wS2ZMd1FFMGZlTWZ5YVVjNm9pSXVSQVQvRXp2V1RtCjdWZHY5Qi9oNjRvVkt0SmRKZDBpbU11aE10UHlveVpZQm5uNjduM1lRV3g0T3lVaDZadnlIY3FHNXZKaGpMQzgKYUlmT3RLYld4cWUxZ0xpZnhBSEZxMkpIUnlUMzBMM0VtR21RVWxlMzlQaHdCRkh0cG9KMzNKZ1grNms4NzQ2dgo0N283SE1nRldBRmhsNWhjUUV5NkFOSCtPeW9GSU9MZldyTmF1c0x6cDV1WmYxMloxclo2Rys0ZXpJWVA3RUE3Ck90UU5jWDE5TXVuZzUxcFF2ODFZSzlsODhneVQzQXBWeG5Rb1I2TnlTQWovRlhuL0s3UXF6RG1DamtveTk5cDQKdks4ZkVmUWZWdWx6MjA4T0E0aUFROTdtU0R4c1VzZE5yQU0yN2Z3c2ltbituOWREaDNWdGR2UThVd0lqZ1lTeAplalk1MDN2eUVsQSsxNXo4cXUrVThkdE5HUXB5T1QvbXRyblJlei90cUJGWmxzT1Z1K3IyN0ptMzcwcUYwOXBVCm5yS082RVpiSW5odWlxZ2xhUW05b3NOK2J3SURBUUFCbzBJd1FEQU9CZ05WSFE4QkFmOEVCQU1DQWdRd0R3WUQKVlIwVEFRSC9CQVV3QXdFQi96QWRCZ05WSFE0RUZnUVV5Vk5vc1planpqWWYva1Fnd0ErQ2FWSkdZbDR3RFFZSgpLb1pJaHZjTkFRRUxCUUFEZ2dHQkFDSkcyTGlrSXM5ZmhiUHpmdDNsSU1jRWVaa2IrM0VhRUxqS1BBR2w2RkZEClNuZGFLZ3BiSlhZYTFvWTZ6U3dZRVg5Y2EwVUNXdGpVeEFUb2RGSW1PNWhFa05XdWJtNExZUlcwTGVVckd5VjAKaUdoUEFyVHdwV2xPdjh3RFVXV09IbWZMKzZxdC9kQ3lnbVpsK2VDeFUxakIrVFZtbWt6K21yUm5OQW1PTGNBbQpsZnZlTHFIT21MMjFWNFpQUU0wQjFxZy8vci8ya2M1WUx4dkdTcjhxNTl2RXhCUDRzWnF1MkJMTjdRRmZhSUFCCm5uRFEyMWZVRW9ycU5VWnN3TU9VSGlVTXVYSDVuK1FQZzNldEx6b0s5QUEzWVNDdUFSOEU5MnlBWC9oUHVIN0EKTlVZMjgxRUxRZmI0T1EwZzdxKzAzZ0N3N1cyTDFuWGRmSUp6a0wvZ25DMHl0UzF6RWtTQ0t2a0hPUms0a2wzWQpsblNLejhGUHRNZUJIbUh0UmM4bExRNE5qdkRMZWRhOUdWTjAzWmxlekQyVHRHVGJEZWVvKzVQU1cvN081L3JJCk9WM0t1UGI4Yk5vTUZYVUZ3ZHArSitENlpGWE9RWXFKc2krRTM0cUxaKzFxamJQT2VKZ2hpQlJxNDZlU1cvN3QKbXkyVThGNDJPNlRZZlE3Qk1RaEtrUT09Ci0tLS0tRU5EIENFUlRJRklDQVRFLS0tLS0K"
              }
            ],
            "master_authorized_networks_config": [],
            "master_version": "1.22.11-gke.400",
            "mesh_certificates": [],
            "min_master_version": null,
            "monitoring_config": [
              {
                "enable_components": [
                  "SYSTEM_COMPONENTS"
                ]
              }
            ],
            "monitoring_service": "monitoring.googleapis.com/kubernetes",
            "name": "todo-app-cluster",
            "network": "projects/altenar-deliseev-0/global/networks/default",
            "network_policy": [
              {
                "enabled": false,
                "provider": "PROVIDER_UNSPECIFIED"
              }
            ],
            "networking_mode": "ROUTES",
            "node_config": [
              {
                "boot_disk_kms_key": "",
                "disk_size_gb": 100,
                "disk_type": "pd-standard",
                "gcfs_config": [],
                "guest_accelerator": [],
                "gvnic": [],
                "image_type": "COS_CONTAINERD",
                "labels": {
                  "foo": "main"
                },
                "local_ssd_count": 0,
                "machine_type": "e2-small",
                "metadata": {
                  "disable-legacy-endpoints": "true"
                },
                "min_cpu_platform": "",
                "node_group": "",
                "oauth_scopes": [
                  "https://www.googleapis.com/auth/logging.write",
                  "https://www.googleapis.com/auth/monitoring"
                ],
                "preemptible": false,
                "reservation_affinity": [],
                "service_account": "terraform-agent@altenar-deliseev-0.iam.gserviceaccount.com",
                "shielded_instance_config": [
                  {
                    "enable_integrity_monitoring": true,
                    "enable_secure_boot": false
                  }
                ],
                "spot": false,
                "tags": [
                  "main",
                  "node"
                ],
                "taint": [],
                "workload_metadata_config": []
              }
            ],
            "node_locations": [],
            "node_pool": [
              {
                "autoscaling": [],
                "initial_node_count": 1,
                "instance_group_urls": [
                  "https://www.googleapis.com/compute/v1/projects/altenar-deliseev-0/zones/europe-central2-a/instanceGroupManagers/gke-todo-app-cluster-default-pool-6fa91fbf-grp"
                ],
                "managed_instance_group_urls": [
                  "https://www.googleapis.com/compute/v1/projects/altenar-deliseev-0/zones/europe-central2-a/instanceGroups/gke-todo-app-cluster-default-pool-6fa91fbf-grp"
                ],
                "management": [
                  {
                    "auto_repair": true,
                    "auto_upgrade": true
                  }
                ],
                "max_pods_per_node": 0,
                "name": "default-pool",
                "name_prefix": "",
                "node_config": [
                  {
                    "boot_disk_kms_key": "",
                    "disk_size_gb": 100,
                    "disk_type": "pd-standard",
                    "gcfs_config": [],
                    "guest_accelerator": [],
                    "gvnic": [],
                    "image_type": "COS_CONTAINERD",
                    "labels": {
                      "foo": "main"
                    },
                    "local_ssd_count": 0,
                    "machine_type": "e2-small",
                    "metadata": {
                      "disable-legacy-endpoints": "true"
                    },
                    "min_cpu_platform": "",
                    "node_group": "",
                    "oauth_scopes": [
                      "https://www.googleapis.com/auth/logging.write",
                      "https://www.googleapis.com/auth/monitoring"
                    ],
                    "preemptible": false,
                    "reservation_affinity": [],
                    "service_account": "terraform-agent@altenar-deliseev-0.iam.gserviceaccount.com",
                    "shielded_instance_config": [
                      {
                        "enable_integrity_monitoring": true,
                        "enable_secure_boot": false
                      }
                    ],
                    "spot": false,
                    "tags": [
                      "main",
                      "node"
                    ],
                    "taint": [],
                    "workload_metadata_config": []
                  }
                ],
                "node_count": 1,
                "node_locations": [
                  "europe-central2-a"
                ],
                "upgrade_settings": [
                  {
                    "max_surge": 1,
                    "max_unavailable": 0
                  }
                ],
                "version": "1.22.11-gke.400"
              }
            ],
            "node_version": "1.22.11-gke.400",
            "notification_config": [
              {
                "pubsub": [
                  {
                    "enabled": false,
                    "topic": ""
                  }
                ]
              }
            ],
            "operation": null,
            "private_cluster_config": [],
            "private_ipv6_google_access": "",
            "project": "altenar-deliseev-0",
            "release_channel": [
              {
                "channel": "REGULAR"
              }
            ],
            "remove_default_node_pool": null,
            "resource_labels": null,
            "resource_usage_export_config": [],
            "self_link": "https://container.googleapis.com/v1/projects/altenar-deliseev-0/zones/europe-central2-a/clusters/todo-app-cluster",
            "services_ipv4_cidr": "10.107.240.0/20",
            "subnetwork": "projects/altenar-deliseev-0/regions/europe-central2/subnetworks/default",
            "timeouts": {
              "create": "30m",
              "delete": null,
              "read": null,
              "update": "40m"
            },
            "tpu_ipv4_cidr_block": "",
            "vertical_pod_autoscaling": [],
            "workload_identity_config": []
          },
          "sensitive_attributes": [],
          "private": "eyJlMmJmYjczMC1lY2FhLTExZTYtOGY4OC0zNDM2M2JjN2M0YzAiOnsiY3JlYXRlIjoxODAwMDAwMDAwMDAwLCJkZWxldGUiOjI0MDAwMDAwMDAwMDAsInJlYWQiOjI0MDAwMDAwMDAwMDAsInVwZGF0ZSI6MjQwMDAwMDAwMDAwMH0sInNjaGVtYV92ZXJzaW9uIjoiMSJ9"
        }
      ]
    },
    {
      "mode": "managed",
      "type": "google_container_registry",
      "name": "registry",
      "provider": "provider[\"registry.terraform.io/hashicorp/google\"]",
      "instances": [
        {
          "schema_version": 0,
          "attributes": {
            "bucket_self_link": "https://www.googleapis.com/storage/v1/b/eu.artifacts.altenar-deliseev-0.appspot.com",
            "id": "eu.artifacts.altenar-deliseev-0.appspot.com",
            "location": "EU",
            "project": "altenar-deliseev-0"
          },
          "sensitive_attributes": [],
          "private": "bnVsbA=="
        }
      ]
    }
  ]
}
