{
  "version": 4,
  "terraform_version": "1.2.8",
  "serial": 37,
  "lineage": "76703c0c-1ec8-4c81-8a29-ad3b970316fa",
  "outputs": {},
  "resources": [
    {
      "mode": "managed",
      "type": "google_container_cluster",
      "name": "todo-app-cluster",
      "provider": "provider[\"registry.terraform.io/hashicorp/google\"]",
      "instances": [
        {
          "schema_version": 1,
          "attributes": {
            "addons_config": [
              {
                "cloudrun_config": [],
                "dns_cache_config": [],
                "gce_persistent_disk_csi_driver_config": [
                  {
                    "enabled": true
                  }
                ],
                "gcp_filestore_csi_driver_config": [],
                "horizontal_pod_autoscaling": [],
                "http_load_balancing": [],
                "network_policy_config": [
                  {
                    "disabled": true
                  }
                ]
              }
            ],
            "authenticator_groups_config": [],
            "binary_authorization": [
              {
                "enabled": false,
                "evaluation_mode": ""
              }
            ],
            "cluster_autoscaling": [
              {
                "auto_provisioning_defaults": [],
                "enabled": false,
                "resource_limits": []
              }
            ],
            "cluster_ipv4_cidr": "10.104.0.0/14",
            "confidential_nodes": [],
            "database_encryption": [
              {
                "key_name": "",
                "state": "DECRYPTED"
              }
            ],
            "datapath_provider": "",
            "default_max_pods_per_node": null,
            "default_snat_status": [
              {
                "disabled": false
              }
            ],
            "description": "",
            "dns_config": [],
            "enable_autopilot": false,
            "enable_binary_authorization": false,
            "enable_intranode_visibility": false,
            "enable_kubernetes_alpha": false,
            "enable_legacy_abac": false,
            "enable_shielded_nodes": true,
            "enable_tpu": false,
            "endpoint": "34.116.145.199",
            "id": "projects/altenar-deliseev-0/locations/europe-central2-a/clusters/todo-app-cluster",
            "initial_node_count": 1,
            "ip_allocation_policy": [],
            "label_fingerprint": "a9dc16a7",
            "location": "europe-central2-a",
            "logging_config": [
              {
                "enable_components": [
                  "SYSTEM_COMPONENTS",
                  "WORKLOADS"
                ]
              }
            ],
            "logging_service": "logging.googleapis.com/kubernetes",
            "maintenance_policy": [],
            "master_auth": [
              {
                "client_certificate": "",
                "client_certificate_config": [
                  {
                    "issue_client_certificate": false
                  }
                ],
                "client_key": "",
                "cluster_ca_certificate": "LS0tLS1CRUdJTiBDRVJUSUZJQ0FURS0tLS0tCk1JSUVMRENDQXBTZ0F3SUJBZ0lRRGUzVHRTL0IxMHlYYUNqeEV5dktoakFOQmdrcWhraUc5dzBCQVFzRkFEQXYKTVMwd0t3WURWUVFERXlRNE1HSmpNekpqWlMwMk56QTFMVFJrT1RRdE9XUm1NQzAxTURreVptUTFOV0ZqWXpJdwpJQmNOTWpJd09URXhNVGt4TkRRM1doZ1BNakExTWpBNU1ETXlNREUwTkRkYU1DOHhMVEFyQmdOVkJBTVRKRGd3ClltTXpNbU5sTFRZM01EVXROR1E1TkMwNVpHWXdMVFV3T1RKbVpEVTFZV05qTWpDQ0FhSXdEUVlKS29aSWh2Y04KQVFFQkJRQURnZ0dQQURDQ0FZb0NnZ0dCQUxNS3NZeTFYOHVvTHZkZDNqVWRWWEdDMi9jcHNSQ1ZEdzBybGJhcQorSGxxZ2szV0xiY2NwSVNxRGo1R0ErY0p0WHJUaUM0UmxOKzRTVUxJbW9VZTZiTW1hcDJvb2RSQ3dQT1Y0OTQ2ClJ1Z0NITDEzNHlxU1Irc2VxYldhRHorRGVkY2RDZUN0eHo2N01OTEVLcHJock5QZ3prSjZiMXZTZzNnaWhJaTAKcGk1OTNiSmZVZ3dNTFcyYzc4Y1ZJcEQ3Sm4wdjZGOW5ORGJ6OGxaeW1mbkVIaENXUTFsT2NhQ0xIUTNvR2c5QQpCRGNRYkJTY0ttcXVsR2MvakV3dXdjMGo4WWpzVWZmWVVKZGRyc0E0RGord2N1VXJnWG10NzFHNGM3MFRrUmFzCjk0MmJ0ekxFVnJud00vdGEreG5iZnNvNE5peSs4ZWJmTXVUVGhubVU2TVhlVytQem5UaVRqdEZwdU9lWHA3dW4KbzhnaldHczg1ZEliNG5LOG1wUFNLMDVyYXFYOWo4S21tRC8zaDByT1ZXbEtnWm9nYlZlYlpCV2pSQzVrb3VkMwo3cFl2aU9hSWhMR0xiTjB5WGdKSFRoU1pmY3ZGTWtLeFdJWnhaMlhwdDV4MzNYZjlZWXhaL1o4dklORi9Ia1IrCjQ5bGM0Mld5RmRLWm5QNHdjcWNaVnh4Q0Z3SURBUUFCbzBJd1FEQU9CZ05WSFE4QkFmOEVCQU1DQWdRd0R3WUQKVlIwVEFRSC9CQVV3QXdFQi96QWRCZ05WSFE0RUZnUVVOZjFYMHIyMnhVMXdkNy9XQ2FJckJETFgzeEl3RFFZSgpLb1pJaHZjTkFRRUxCUUFEZ2dHQkFFVnlMdFVleTNkN3YzTnhzZ2IyQ0o0aWMwcnI5TFZ1RjM2Vkx0b053bzZHCkF1cElQU1VheDdTVGpFdE9kOWFob1BYTDJNdC91NmlWTnUyYllaRVNRN3lQL3daOXZ3b2syOWhOeEpDY21XNGEKeWV0QlAyK1RmemhBT1k0UWZPZ2RiTGdqTk9yV1RlVlVEM3Q1ejhYRStpd25NVG8rL0d1M09ZY1JKMWh4UER2ZQoxUDZtQWt6ZDUybWZ5bnhQQTdPdzVrY3FNQ3A4aWd0VjZmRTI1MEZIL0RyaFhPTEMrcGhNNFREUFJGVTBzdnlPCmdDQmhDY0IrWWFkLzc0TXZOL0FVZmZBTGVaWXo4ZHc5UExHMXlGWUpTTldjVTJGakJ4WE5KaHgyVnJaMnhZcjUKTGdQK3R5RjNPd25MUjBQay94UXlGWTZoSVN6WFdJdFNQbGlxUnJSVnBlSkgxYzVXSXluR2poQ0RVT0x4Y0x0OApYZmU1c0xhY0wzNzV1OVVYWnFwaXplZk9sWWl0blpGRUZGSXgwbEcwQVlLMnBCOGpJMzdaYlRJL2pycGVNSUhhCkd2NFFYeitlbnNKVXB4V25Xc1p1NG1NTC8rZTgveWQ1OFlrcWhCem5yVXp4cG1BNE04Q01tRjZjelExL0N0Q2wKbWd0MWdPSCt0OTVSdXVBMlVmYkZxUT09Ci0tLS0tRU5EIENFUlRJRklDQVRFLS0tLS0K"
              }
            ],
            "master_authorized_networks_config": [],
            "master_version": "1.22.11-gke.400",
            "mesh_certificates": [],
            "min_master_version": null,
            "monitoring_config": [
              {
                "enable_components": [
                  "SYSTEM_COMPONENTS"
                ]
              }
            ],
            "monitoring_service": "monitoring.googleapis.com/kubernetes",
            "name": "todo-app-cluster",
            "network": "projects/altenar-deliseev-0/global/networks/default",
            "network_policy": [
              {
                "enabled": false,
                "provider": "PROVIDER_UNSPECIFIED"
              }
            ],
            "networking_mode": "ROUTES",
            "node_config": [
              {
                "boot_disk_kms_key": "",
                "disk_size_gb": 100,
                "disk_type": "pd-standard",
                "gcfs_config": [],
                "guest_accelerator": [],
                "gvnic": [],
                "image_type": "COS_CONTAINERD",
                "labels": {
                  "foo": "main"
                },
                "local_ssd_count": 0,
                "machine_type": "e2-small",
                "metadata": {
                  "disable-legacy-endpoints": "true"
                },
                "min_cpu_platform": "",
                "node_group": "",
                "oauth_scopes": [
                  "https://www.googleapis.com/auth/logging.write",
                  "https://www.googleapis.com/auth/monitoring"
                ],
                "preemptible": false,
                "reservation_affinity": [],
                "service_account": "terraform-agent@altenar-deliseev-0.iam.gserviceaccount.com",
                "shielded_instance_config": [
                  {
                    "enable_integrity_monitoring": true,
                    "enable_secure_boot": false
                  }
                ],
                "spot": false,
                "tags": [
                  "main",
                  "node"
                ],
                "taint": [],
                "workload_metadata_config": []
              }
            ],
            "node_locations": [],
            "node_pool": [
              {
                "autoscaling": [],
                "initial_node_count": 1,
                "instance_group_urls": [
                  "https://www.googleapis.com/compute/v1/projects/altenar-deliseev-0/zones/europe-central2-a/instanceGroupManagers/gke-todo-app-cluster-default-pool-3af28c12-grp"
                ],
                "managed_instance_group_urls": [
                  "https://www.googleapis.com/compute/v1/projects/altenar-deliseev-0/zones/europe-central2-a/instanceGroups/gke-todo-app-cluster-default-pool-3af28c12-grp"
                ],
                "management": [
                  {
                    "auto_repair": true,
                    "auto_upgrade": true
                  }
                ],
                "max_pods_per_node": 0,
                "name": "default-pool",
                "name_prefix": "",
                "node_config": [
                  {
                    "boot_disk_kms_key": "",
                    "disk_size_gb": 100,
                    "disk_type": "pd-standard",
                    "gcfs_config": [],
                    "guest_accelerator": [],
                    "gvnic": [],
                    "image_type": "COS_CONTAINERD",
                    "labels": {
                      "foo": "main"
                    },
                    "local_ssd_count": 0,
                    "machine_type": "e2-small",
                    "metadata": {
                      "disable-legacy-endpoints": "true"
                    },
                    "min_cpu_platform": "",
                    "node_group": "",
                    "oauth_scopes": [
                      "https://www.googleapis.com/auth/logging.write",
                      "https://www.googleapis.com/auth/monitoring"
                    ],
                    "preemptible": false,
                    "reservation_affinity": [],
                    "service_account": "terraform-agent@altenar-deliseev-0.iam.gserviceaccount.com",
                    "shielded_instance_config": [
                      {
                        "enable_integrity_monitoring": true,
                        "enable_secure_boot": false
                      }
                    ],
                    "spot": false,
                    "tags": [
                      "main",
                      "node"
                    ],
                    "taint": [],
                    "workload_metadata_config": []
                  }
                ],
                "node_count": 1,
                "node_locations": [
                  "europe-central2-a"
                ],
                "upgrade_settings": [
                  {
                    "max_surge": 1,
                    "max_unavailable": 0
                  }
                ],
                "version": "1.22.11-gke.400"
              }
            ],
            "node_version": "1.22.11-gke.400",
            "notification_config": [
              {
                "pubsub": [
                  {
                    "enabled": false,
                    "topic": ""
                  }
                ]
              }
            ],
            "operation": null,
            "private_cluster_config": [],
            "private_ipv6_google_access": "",
            "project": "altenar-deliseev-0",
            "release_channel": [
              {
                "channel": "REGULAR"
              }
            ],
            "remove_default_node_pool": null,
            "resource_labels": null,
            "resource_usage_export_config": [],
            "self_link": "https://container.googleapis.com/v1/projects/altenar-deliseev-0/zones/europe-central2-a/clusters/todo-app-cluster",
            "services_ipv4_cidr": "10.107.240.0/20",
            "subnetwork": "projects/altenar-deliseev-0/regions/europe-central2/subnetworks/default",
            "timeouts": {
              "create": "30m",
              "delete": null,
              "read": null,
              "update": "40m"
            },
            "tpu_ipv4_cidr_block": "",
            "vertical_pod_autoscaling": [],
            "workload_identity_config": []
          },
          "sensitive_attributes": [],
          "private": "eyJlMmJmYjczMC1lY2FhLTExZTYtOGY4OC0zNDM2M2JjN2M0YzAiOnsiY3JlYXRlIjoxODAwMDAwMDAwMDAwLCJkZWxldGUiOjI0MDAwMDAwMDAwMDAsInJlYWQiOjI0MDAwMDAwMDAwMDAsInVwZGF0ZSI6MjQwMDAwMDAwMDAwMH0sInNjaGVtYV92ZXJzaW9uIjoiMSJ9"
        }
      ]
    },
    {
      "mode": "managed",
      "type": "google_container_registry",
      "name": "registry",
      "provider": "provider[\"registry.terraform.io/hashicorp/google\"]",
      "instances": [
        {
          "schema_version": 0,
          "attributes": {
            "bucket_self_link": "https://www.googleapis.com/storage/v1/b/eu.artifacts.altenar-deliseev-0.appspot.com",
            "id": "eu.artifacts.altenar-deliseev-0.appspot.com",
            "location": "EU",
            "project": "altenar-deliseev-0"
          },
          "sensitive_attributes": [],
          "private": "bnVsbA=="
        }
      ]
    }
  ]
}
