{
  "version": 4,
  "terraform_version": "1.2.8",
  "serial": 210,
  "lineage": "76703c0c-1ec8-4c81-8a29-ad3b970316fa",
  "outputs": {},
  "resources": [
    {
      "mode": "managed",
      "type": "google_container_cluster",
      "name": "todo-app-cluster",
      "provider": "provider[\"registry.terraform.io/hashicorp/google\"]",
      "instances": [
        {
          "schema_version": 1,
          "attributes": {
            "addons_config": [
              {
                "cloudrun_config": [],
                "dns_cache_config": [],
                "gce_persistent_disk_csi_driver_config": [
                  {
                    "enabled": true
                  }
                ],
                "gcp_filestore_csi_driver_config": [],
                "horizontal_pod_autoscaling": [],
                "http_load_balancing": [],
                "network_policy_config": [
                  {
                    "disabled": true
                  }
                ]
              }
            ],
            "authenticator_groups_config": [],
            "binary_authorization": [
              {
                "enabled": false,
                "evaluation_mode": ""
              }
            ],
            "cluster_autoscaling": [
              {
                "auto_provisioning_defaults": [],
                "enabled": false,
                "resource_limits": []
              }
            ],
            "cluster_ipv4_cidr": "10.104.0.0/14",
            "confidential_nodes": [],
            "database_encryption": [
              {
                "key_name": "",
                "state": "DECRYPTED"
              }
            ],
            "datapath_provider": "",
            "default_max_pods_per_node": null,
            "default_snat_status": [
              {
                "disabled": false
              }
            ],
            "description": "",
            "dns_config": [],
            "enable_autopilot": false,
            "enable_binary_authorization": false,
            "enable_intranode_visibility": false,
            "enable_kubernetes_alpha": false,
            "enable_legacy_abac": false,
            "enable_shielded_nodes": true,
            "enable_tpu": false,
            "endpoint": "34.118.73.173",
            "id": "projects/altenar-deliseev-0/locations/europe-central2-a/clusters/todo-app-cluster",
            "initial_node_count": 1,
            "ip_allocation_policy": [],
            "label_fingerprint": "a9dc16a7",
            "location": "europe-central2-a",
            "logging_config": [
              {
                "enable_components": [
                  "SYSTEM_COMPONENTS",
                  "WORKLOADS"
                ]
              }
            ],
            "logging_service": "logging.googleapis.com/kubernetes",
            "maintenance_policy": [],
            "master_auth": [
              {
                "client_certificate": "",
                "client_certificate_config": [
                  {
                    "issue_client_certificate": false
                  }
                ],
                "client_key": "",
                "cluster_ca_certificate": "LS0tLS1CRUdJTiBDRVJUSUZJQ0FURS0tLS0tCk1JSUVMVENDQXBXZ0F3SUJBZ0lSQVBxSW0zMDFSQldIMEJyY0ZsZnJ0cUF3RFFZSktvWklodmNOQVFFTEJRQXcKTHpFdE1Dc0dBMVVFQXhNa05HUmlPRGt5TTJJdFl6VmxOUzAwTnpKakxUbGpPRFF0TnpFM056YzJaV013TTJZMgpNQ0FYRFRJeU1Ea3lPREV6TkRReE5sb1lEekl3TlRJd09USXdNVFEwTkRFMldqQXZNUzB3S3dZRFZRUURFeVEwClpHSTRPVEl6WWkxak5XVTFMVFEzTW1NdE9XTTROQzAzTVRjM056WmxZekF6WmpZd2dnR2lNQTBHQ1NxR1NJYjMKRFFFQkFRVUFBNElCandBd2dnR0tBb0lCZ1FESW5OeGVGOG80SDY3ajJ0dURIR3BKZWlEQzZldkJzdUxUMnZjNAowRjh6NWVaMWcxa2JaVEdlNzNuUmVUa1U3ME9PQ0VZUXlLaFJRajBzbk03QWVWNDZwQUcweUpYcnovM0J6dGgvClRiQnorcHJXcnNWSnZhMm01VzViOS9rRW1WbVFISndvWE1pZHdVNXpzTktkZ0dYTk9mVUxPcUo5MFh0ZGc4eFUKTTNNbGdNMmd6SWx4VStacGtqKzFKdGVOUkk3RS80Z2dTOTIvb3prRTRyZlA4dVlrcGtlM3IrWExRcHgycVk4MgpFQkgyUEVSb3RmeUMvNlN5RWxjRUd4NkExcHE5NlJHUjFPWDc5SEtVUHJDZDJoQldGM2VIRGRtOUxONWpLb0RxCkZIeExEWDJzOUthbkYvaE5KKzkxZE10V0pGamMwWmFrN1lROHBIdEtSTkNsN0ttSWw3ajR5bjdMNUR0ay9PT1MKNEI4djZFckZzNk9qZ0c5NFU5bzJhQmFMNE5BSm52dHRyTW9KMkFaNERxQnNKQjlDU1BURGxTd1JnN0oxU0kveApoNnJodU1SVjN3L05pbzFtU3ZQMDQyYTVyaDN1MkNXbE55eEdKZS9ManJUelhxeVNRaW5RN0dPdHIrSUdNQ0JlCnhvWG1kZGFzcUJwVVhrM1puODVJNFBpenB1VUNBd0VBQWFOQ01FQXdEZ1lEVlIwUEFRSC9CQVFEQWdJRU1BOEcKQTFVZEV3RUIvd1FGTUFNQkFmOHdIUVlEVlIwT0JCWUVGUHVNV3NjM21xNDluK0ROdllleE1KQkZtLzRMTUEwRwpDU3FHU0liM0RRRUJDd1VBQTRJQmdRQVhJaDdZb0FGQ3VjU05vanZJSDZGcXg0aFlMZWFpTnNSeVdUUitVR0ltCks3c0RBcTU3UHFweXRYK1ovelE5NTVRK0RLMGpIZDNINXQ5akx0TnlpSFEwcytjTnRqaWMrOVRZV2tMV0kyUU8KVGxwN3BJSzkzYVFZNnVDcnBGcmwyaEpLdEo0Zjk5R0ZJdUcxQVFHYisxRWxsdytJN2w5YjJ6T0NzYms4UEpiegp2dDkwbGlhbTY2cmt3SXoyaktPS3ZxbkFzVWVxNWl1Rlh1QTYyNjBKYXR2ZXNaeEFvOEl1cWhNbnJnalI2VkNkCmRXM2hEbFVrWjQ5RjFGRjQzMXBveEZGMHVTUCs0VlRxLzhPSDhWU0gzZ0UxYi9ZQ254S0M1ajZocWZiK1ZZVDYKVm9PTHlEV1AwTjdSKzZFYTFXaVNZbXprNmx1RVhEZHVVck16NjA1cTdTYzFVWWRTU0pHTDRKLzdYTHhDektQcApnUUNyQ2xMbkdBUVVtbHlSdFdCVEJOUm1OS1YwOFpuSURNRjNFS2k1aGowQjFLOU5VUFRocVdDYnNNUVh3MlUrCmVHZ1ZtdjZYYXFIR0F4ckZwbi93TDEyVFd4R1ZERDNhUzhjekQ2OWppNmx1ODkvWmZmWG5WQXpSc3o5dElaZEIKR1NIdDUwZkthQVo5YVI0WSt0WnZLdjA9Ci0tLS0tRU5EIENFUlRJRklDQVRFLS0tLS0K"
              }
            ],
            "master_authorized_networks_config": [],
            "master_version": "1.22.12-gke.300",
            "mesh_certificates": [],
            "min_master_version": null,
            "monitoring_config": [
              {
                "enable_components": [
                  "SYSTEM_COMPONENTS"
                ]
              }
            ],
            "monitoring_service": "monitoring.googleapis.com/kubernetes",
            "name": "todo-app-cluster",
            "network": "projects/altenar-deliseev-0/global/networks/default",
            "network_policy": [
              {
                "enabled": false,
                "provider": "PROVIDER_UNSPECIFIED"
              }
            ],
            "networking_mode": "ROUTES",
            "node_config": [
              {
                "boot_disk_kms_key": "",
                "disk_size_gb": 100,
                "disk_type": "pd-standard",
                "gcfs_config": [],
                "guest_accelerator": [],
                "gvnic": [],
                "image_type": "COS_CONTAINERD",
                "labels": {
                  "foo": "main"
                },
                "local_ssd_count": 0,
                "machine_type": "e2-small",
                "metadata": {
                  "disable-legacy-endpoints": "true"
                },
                "min_cpu_platform": "",
                "node_group": "",
                "oauth_scopes": [
                  "https://www.googleapis.com/auth/logging.write",
                  "https://www.googleapis.com/auth/monitoring"
                ],
                "preemptible": false,
                "reservation_affinity": [],
                "service_account": "terraform-agent@altenar-deliseev-0.iam.gserviceaccount.com",
                "shielded_instance_config": [
                  {
                    "enable_integrity_monitoring": true,
                    "enable_secure_boot": false
                  }
                ],
                "spot": false,
                "tags": [
                  "main",
                  "node"
                ],
                "taint": [],
                "workload_metadata_config": []
              }
            ],
            "node_locations": [],
            "node_pool": [
              {
                "autoscaling": [],
                "initial_node_count": 1,
                "instance_group_urls": [
                  "https://www.googleapis.com/compute/v1/projects/altenar-deliseev-0/zones/europe-central2-a/instanceGroupManagers/gke-todo-app-cluster-default-pool-c53d44ff-grp"
                ],
                "managed_instance_group_urls": [
                  "https://www.googleapis.com/compute/v1/projects/altenar-deliseev-0/zones/europe-central2-a/instanceGroups/gke-todo-app-cluster-default-pool-c53d44ff-grp"
                ],
                "management": [
                  {
                    "auto_repair": true,
                    "auto_upgrade": true
                  }
                ],
                "max_pods_per_node": 0,
                "name": "default-pool",
                "name_prefix": "",
                "node_config": [
                  {
                    "boot_disk_kms_key": "",
                    "disk_size_gb": 100,
                    "disk_type": "pd-standard",
                    "gcfs_config": [],
                    "guest_accelerator": [],
                    "gvnic": [],
                    "image_type": "COS_CONTAINERD",
                    "labels": {
                      "foo": "main"
                    },
                    "local_ssd_count": 0,
                    "machine_type": "e2-small",
                    "metadata": {
                      "disable-legacy-endpoints": "true"
                    },
                    "min_cpu_platform": "",
                    "node_group": "",
                    "oauth_scopes": [
                      "https://www.googleapis.com/auth/logging.write",
                      "https://www.googleapis.com/auth/monitoring"
                    ],
                    "preemptible": false,
                    "reservation_affinity": [],
                    "service_account": "terraform-agent@altenar-deliseev-0.iam.gserviceaccount.com",
                    "shielded_instance_config": [
                      {
                        "enable_integrity_monitoring": true,
                        "enable_secure_boot": false
                      }
                    ],
                    "spot": false,
                    "tags": [
                      "main",
                      "node"
                    ],
                    "taint": [],
                    "workload_metadata_config": []
                  }
                ],
                "node_count": 1,
                "node_locations": [
                  "europe-central2-a"
                ],
                "upgrade_settings": [
                  {
                    "max_surge": 1,
                    "max_unavailable": 0
                  }
                ],
                "version": "1.22.12-gke.300"
              }
            ],
            "node_version": "1.22.12-gke.300",
            "notification_config": [
              {
                "pubsub": [
                  {
                    "enabled": false,
                    "topic": ""
                  }
                ]
              }
            ],
            "operation": null,
            "private_cluster_config": [],
            "private_ipv6_google_access": "",
            "project": "altenar-deliseev-0",
            "release_channel": [
              {
                "channel": "REGULAR"
              }
            ],
            "remove_default_node_pool": null,
            "resource_labels": null,
            "resource_usage_export_config": [],
            "self_link": "https://container.googleapis.com/v1/projects/altenar-deliseev-0/zones/europe-central2-a/clusters/todo-app-cluster",
            "services_ipv4_cidr": "10.107.240.0/20",
            "subnetwork": "projects/altenar-deliseev-0/regions/europe-central2/subnetworks/default",
            "timeouts": {
              "create": "30m",
              "delete": null,
              "read": null,
              "update": "40m"
            },
            "tpu_ipv4_cidr_block": "",
            "vertical_pod_autoscaling": [],
            "workload_identity_config": []
          },
          "sensitive_attributes": [],
          "private": "eyJlMmJmYjczMC1lY2FhLTExZTYtOGY4OC0zNDM2M2JjN2M0YzAiOnsiY3JlYXRlIjoxODAwMDAwMDAwMDAwLCJkZWxldGUiOjI0MDAwMDAwMDAwMDAsInJlYWQiOjI0MDAwMDAwMDAwMDAsInVwZGF0ZSI6MjQwMDAwMDAwMDAwMH0sInNjaGVtYV92ZXJzaW9uIjoiMSJ9"
        }
      ]
    },
    {
      "mode": "managed",
      "type": "google_container_registry",
      "name": "registry",
      "provider": "provider[\"registry.terraform.io/hashicorp/google\"]",
      "instances": [
        {
          "schema_version": 0,
          "attributes": {
            "bucket_self_link": "https://www.googleapis.com/storage/v1/b/eu.artifacts.altenar-deliseev-0.appspot.com",
            "id": "eu.artifacts.altenar-deliseev-0.appspot.com",
            "location": "EU",
            "project": "altenar-deliseev-0"
          },
          "sensitive_attributes": [],
          "private": "bnVsbA=="
        }
      ]
    }
  ]
}
