{
  "version": 4,
  "terraform_version": "1.2.8",
  "serial": 94,
  "lineage": "76703c0c-1ec8-4c81-8a29-ad3b970316fa",
  "outputs": {},
  "resources": [
    {
      "mode": "managed",
      "type": "google_container_cluster",
      "name": "todo-app-cluster",
      "provider": "provider[\"registry.terraform.io/hashicorp/google\"]",
      "instances": [
        {
          "schema_version": 1,
          "attributes": {
            "addons_config": [
              {
                "cloudrun_config": [],
                "dns_cache_config": [],
                "gce_persistent_disk_csi_driver_config": [
                  {
                    "enabled": true
                  }
                ],
                "gcp_filestore_csi_driver_config": [],
                "horizontal_pod_autoscaling": [],
                "http_load_balancing": [],
                "network_policy_config": [
                  {
                    "disabled": true
                  }
                ]
              }
            ],
            "authenticator_groups_config": [],
            "binary_authorization": [
              {
                "enabled": false,
                "evaluation_mode": ""
              }
            ],
            "cluster_autoscaling": [
              {
                "auto_provisioning_defaults": [],
                "enabled": false,
                "resource_limits": []
              }
            ],
            "cluster_ipv4_cidr": "10.104.0.0/14",
            "confidential_nodes": [],
            "database_encryption": [
              {
                "key_name": "",
                "state": "DECRYPTED"
              }
            ],
            "datapath_provider": "",
            "default_max_pods_per_node": null,
            "default_snat_status": [
              {
                "disabled": false
              }
            ],
            "description": "",
            "dns_config": [],
            "enable_autopilot": false,
            "enable_binary_authorization": false,
            "enable_intranode_visibility": false,
            "enable_kubernetes_alpha": false,
            "enable_legacy_abac": false,
            "enable_shielded_nodes": true,
            "enable_tpu": false,
            "endpoint": "34.116.177.111",
            "id": "projects/altenar-deliseev-0/locations/europe-central2-a/clusters/todo-app-cluster",
            "initial_node_count": 1,
            "ip_allocation_policy": [],
            "label_fingerprint": "a9dc16a7",
            "location": "europe-central2-a",
            "logging_config": [
              {
                "enable_components": [
                  "SYSTEM_COMPONENTS",
                  "WORKLOADS"
                ]
              }
            ],
            "logging_service": "logging.googleapis.com/kubernetes",
            "maintenance_policy": [],
            "master_auth": [
              {
                "client_certificate": "",
                "client_certificate_config": [
                  {
                    "issue_client_certificate": false
                  }
                ],
                "client_key": "",
                "cluster_ca_certificate": "LS0tLS1CRUdJTiBDRVJUSUZJQ0FURS0tLS0tCk1JSUVMVENDQXBXZ0F3SUJBZ0lSQVBlTThsMW1MVkIyVG1sVXhhKzJ4czR3RFFZSktvWklodmNOQVFFTEJRQXcKTHpFdE1Dc0dBMVVFQXhNa01HTTNaVEl6TWprdFlqVm1OaTAwWW1GaExXRTVOR010TVRVMU1XRTBPRGt3WVRaawpNQ0FYRFRJeU1Ea3hOVEEyTXpVME5sb1lEekl3TlRJd09UQTNNRGN6TlRRMldqQXZNUzB3S3dZRFZRUURFeVF3Cll6ZGxNak15T1MxaU5XWTJMVFJpWVdFdFlUazBZeTB4TlRVeFlUUTRPVEJoTm1Rd2dnR2lNQTBHQ1NxR1NJYjMKRFFFQkFRVUFBNElCandBd2dnR0tBb0lCZ1FEQjF4WUkvL1VKQ0xad0dnOWtaWEZVVUJDK3lOM29kNnNUR2R0eApnNjJQTkwwS05WZnJmZ3lvNE9lY3BGVUxRcTQvcm04WTFHQUhkS00wWFdMb3N4WEdqZVF6SkQ3L2Z2MlNqa25qCkF1dS9SblE5OG90ZlRoOTNFVlkvNzNVTGQrMFJ1cTNqVXBjSG1wL1V0bGJDdDdWY3NKeVZ6T0VYZWYrMENLRGUKS1BZQXFjazV5cFlpY3l5cWJVOU9DTVN3YVlFaXNqVVBFWEV1a2pZU3NKSjdhaXQydU4vdnBKRjF0cmFtQVdxRQpwV1U5R25XcTdUbkpVN1I2Z2s0U2w1NTZjOE1tVGpKZmdtU2JrSHpwNmhlL2ZxRlducUFhUGN5aTJpY1dUd285Cm9ybjBOY3FMemhYZElISTJNd3IvS3NHQ1dKUjBSWkN3RVJIYWp6RktXM1MyM1FWZGdic2hLSENWVDlVOEs1Tk4KQzNYdVRNdVMyNHpUSE03SVBQOEt0Q1BvMEZqSmd1Q3ZzV3Y3VUd6cHRKL05Ha081NUN1SHc5eVh3dDVsV1M3aApKdzJYejg5VGZmcXl5WUo2Qy9SaGYrTzZGc2phRzRTVmdFcGdTaWFRZ0FxTFp6Y0d3eGNURWFZVXljeVdDYUVtCjFSSlI5ZUdvK3BralNqV0xZUXJpUlFMaDlha0NBd0VBQWFOQ01FQXdEZ1lEVlIwUEFRSC9CQVFEQWdJRU1BOEcKQTFVZEV3RUIvd1FGTUFNQkFmOHdIUVlEVlIwT0JCWUVGRktTVEpKQUNJdE1TUEpVTWZOREF0ajArL21oTUEwRwpDU3FHU0liM0RRRUJDd1VBQTRJQmdRQXk4cktPUThQaDZzcUFHSHZjMTRPTU5nUlkwT3A5MkEzWEYvM0htQVdRClc2aGxSb2FJMDRmbllhT1VaU3IyNVo4Z3JGdjQ4Z3pBdThTYkZBQTE0bDhocEpSbi9iMm9lYk9VWTJUS2ZxaUoKSVdtc0NxaVh1SS84UjVWTWwwMHJPWWxYNHdjZFpqUlgwVXNaNFR3Vy9qbWlrNU05QXMwSEZSSzFtL1pQczJzWgp6MGY1NzdvcG1mOGorTWZjODBoVVBMMGc4dE96cFkyUUlTK0VkMklDMFBreXAzbGl3emJTdzBOYWgzQVBRcE91Cm85R2JpUWdDL3M2VENPY0ZQYU02YlpIZzZVOHF0OERHaE5SajhmMWRxM3NEZ2p5QTlUc2ZJa2JuVm1VU0ZrSjEKM1ljS1Zac0c5enlwaXkxZko4VEpDRzByU3Q3T2ovL3BaYitJWSs1aFYzdFhjOTJySzUvMHNPcTJUYnh4cmpyUQphdzIzODl5cmNDNmhJYXdqZ2pZZzFSSjFPK3FQUEVWV0FTL1JHMER1MDRDQ3g3WEU1ZFhUelNZQXdTWlQ3N3FiCmFhU0x5cTh3VEQ5MzA2eGMxRy9xa1MxWDBobHVJUVFzdmN0ajNxMi9CWGRiSU9udjRkTXd5dFlSZ0o4QmtTWDUKbVBXNTNCSDJTenNuaDU5NXRaa0FqMkE9Ci0tLS0tRU5EIENFUlRJRklDQVRFLS0tLS0K"
              }
            ],
            "master_authorized_networks_config": [],
            "master_version": "1.22.11-gke.400",
            "mesh_certificates": [],
            "min_master_version": null,
            "monitoring_config": [
              {
                "enable_components": [
                  "SYSTEM_COMPONENTS"
                ]
              }
            ],
            "monitoring_service": "monitoring.googleapis.com/kubernetes",
            "name": "todo-app-cluster",
            "network": "projects/altenar-deliseev-0/global/networks/default",
            "network_policy": [
              {
                "enabled": false,
                "provider": "PROVIDER_UNSPECIFIED"
              }
            ],
            "networking_mode": "ROUTES",
            "node_config": [
              {
                "boot_disk_kms_key": "",
                "disk_size_gb": 100,
                "disk_type": "pd-standard",
                "gcfs_config": [],
                "guest_accelerator": [],
                "gvnic": [],
                "image_type": "COS_CONTAINERD",
                "labels": {
                  "foo": "main"
                },
                "local_ssd_count": 0,
                "machine_type": "e2-small",
                "metadata": {
                  "disable-legacy-endpoints": "true"
                },
                "min_cpu_platform": "",
                "node_group": "",
                "oauth_scopes": [
                  "https://www.googleapis.com/auth/logging.write",
                  "https://www.googleapis.com/auth/monitoring"
                ],
                "preemptible": false,
                "reservation_affinity": [],
                "service_account": "terraform-agent@altenar-deliseev-0.iam.gserviceaccount.com",
                "shielded_instance_config": [
                  {
                    "enable_integrity_monitoring": true,
                    "enable_secure_boot": false
                  }
                ],
                "spot": false,
                "tags": [
                  "main",
                  "node"
                ],
                "taint": [],
                "workload_metadata_config": []
              }
            ],
            "node_locations": [],
            "node_pool": [
              {
                "autoscaling": [],
                "initial_node_count": 1,
                "instance_group_urls": [
                  "https://www.googleapis.com/compute/v1/projects/altenar-deliseev-0/zones/europe-central2-a/instanceGroupManagers/gke-todo-app-cluster-default-pool-5ab14c0d-grp"
                ],
                "managed_instance_group_urls": [
                  "https://www.googleapis.com/compute/v1/projects/altenar-deliseev-0/zones/europe-central2-a/instanceGroups/gke-todo-app-cluster-default-pool-5ab14c0d-grp"
                ],
                "management": [
                  {
                    "auto_repair": true,
                    "auto_upgrade": true
                  }
                ],
                "max_pods_per_node": 0,
                "name": "default-pool",
                "name_prefix": "",
                "node_config": [
                  {
                    "boot_disk_kms_key": "",
                    "disk_size_gb": 100,
                    "disk_type": "pd-standard",
                    "gcfs_config": [],
                    "guest_accelerator": [],
                    "gvnic": [],
                    "image_type": "COS_CONTAINERD",
                    "labels": {
                      "foo": "main"
                    },
                    "local_ssd_count": 0,
                    "machine_type": "e2-small",
                    "metadata": {
                      "disable-legacy-endpoints": "true"
                    },
                    "min_cpu_platform": "",
                    "node_group": "",
                    "oauth_scopes": [
                      "https://www.googleapis.com/auth/logging.write",
                      "https://www.googleapis.com/auth/monitoring"
                    ],
                    "preemptible": false,
                    "reservation_affinity": [],
                    "service_account": "terraform-agent@altenar-deliseev-0.iam.gserviceaccount.com",
                    "shielded_instance_config": [
                      {
                        "enable_integrity_monitoring": true,
                        "enable_secure_boot": false
                      }
                    ],
                    "spot": false,
                    "tags": [
                      "main",
                      "node"
                    ],
                    "taint": [],
                    "workload_metadata_config": []
                  }
                ],
                "node_count": 1,
                "node_locations": [
                  "europe-central2-a"
                ],
                "upgrade_settings": [
                  {
                    "max_surge": 1,
                    "max_unavailable": 0
                  }
                ],
                "version": "1.22.11-gke.400"
              }
            ],
            "node_version": "1.22.11-gke.400",
            "notification_config": [
              {
                "pubsub": [
                  {
                    "enabled": false,
                    "topic": ""
                  }
                ]
              }
            ],
            "operation": null,
            "private_cluster_config": [],
            "private_ipv6_google_access": "",
            "project": "altenar-deliseev-0",
            "release_channel": [
              {
                "channel": "REGULAR"
              }
            ],
            "remove_default_node_pool": null,
            "resource_labels": null,
            "resource_usage_export_config": [],
            "self_link": "https://container.googleapis.com/v1/projects/altenar-deliseev-0/zones/europe-central2-a/clusters/todo-app-cluster",
            "services_ipv4_cidr": "10.107.240.0/20",
            "subnetwork": "projects/altenar-deliseev-0/regions/europe-central2/subnetworks/default",
            "timeouts": {
              "create": "30m",
              "delete": null,
              "read": null,
              "update": "40m"
            },
            "tpu_ipv4_cidr_block": "",
            "vertical_pod_autoscaling": [],
            "workload_identity_config": []
          },
          "sensitive_attributes": [],
          "private": "eyJlMmJmYjczMC1lY2FhLTExZTYtOGY4OC0zNDM2M2JjN2M0YzAiOnsiY3JlYXRlIjoxODAwMDAwMDAwMDAwLCJkZWxldGUiOjI0MDAwMDAwMDAwMDAsInJlYWQiOjI0MDAwMDAwMDAwMDAsInVwZGF0ZSI6MjQwMDAwMDAwMDAwMH0sInNjaGVtYV92ZXJzaW9uIjoiMSJ9"
        }
      ]
    },
    {
      "mode": "managed",
      "type": "google_container_registry",
      "name": "registry",
      "provider": "provider[\"registry.terraform.io/hashicorp/google\"]",
      "instances": [
        {
          "schema_version": 0,
          "attributes": {
            "bucket_self_link": "https://www.googleapis.com/storage/v1/b/eu.artifacts.altenar-deliseev-0.appspot.com",
            "id": "eu.artifacts.altenar-deliseev-0.appspot.com",
            "location": "EU",
            "project": "altenar-deliseev-0"
          },
          "sensitive_attributes": [],
          "private": "bnVsbA=="
        }
      ]
    }
  ]
}
