{
  "version": 4,
  "terraform_version": "1.2.8",
  "serial": 65,
  "lineage": "76703c0c-1ec8-4c81-8a29-ad3b970316fa",
  "outputs": {},
  "resources": [
    {
      "mode": "managed",
      "type": "google_container_cluster",
      "name": "todo-app-cluster",
      "provider": "provider[\"registry.terraform.io/hashicorp/google\"]",
      "instances": [
        {
          "schema_version": 1,
          "attributes": {
            "addons_config": [
              {
                "cloudrun_config": [],
                "dns_cache_config": [],
                "gce_persistent_disk_csi_driver_config": [
                  {
                    "enabled": true
                  }
                ],
                "gcp_filestore_csi_driver_config": [],
                "horizontal_pod_autoscaling": [],
                "http_load_balancing": [],
                "network_policy_config": [
                  {
                    "disabled": true
                  }
                ]
              }
            ],
            "authenticator_groups_config": [],
            "binary_authorization": [
              {
                "enabled": false,
                "evaluation_mode": ""
              }
            ],
            "cluster_autoscaling": [
              {
                "auto_provisioning_defaults": [],
                "enabled": false,
                "resource_limits": []
              }
            ],
            "cluster_ipv4_cidr": "10.104.0.0/14",
            "confidential_nodes": [],
            "database_encryption": [
              {
                "key_name": "",
                "state": "DECRYPTED"
              }
            ],
            "datapath_provider": "",
            "default_max_pods_per_node": null,
            "default_snat_status": [
              {
                "disabled": false
              }
            ],
            "description": "",
            "dns_config": [],
            "enable_autopilot": false,
            "enable_binary_authorization": false,
            "enable_intranode_visibility": false,
            "enable_kubernetes_alpha": false,
            "enable_legacy_abac": false,
            "enable_shielded_nodes": true,
            "enable_tpu": false,
            "endpoint": "34.118.31.169",
            "id": "projects/altenar-deliseev-0/locations/europe-central2-a/clusters/todo-app-cluster",
            "initial_node_count": 1,
            "ip_allocation_policy": [],
            "label_fingerprint": "a9dc16a7",
            "location": "europe-central2-a",
            "logging_config": [
              {
                "enable_components": [
                  "SYSTEM_COMPONENTS",
                  "WORKLOADS"
                ]
              }
            ],
            "logging_service": "logging.googleapis.com/kubernetes",
            "maintenance_policy": [],
            "master_auth": [
              {
                "client_certificate": "",
                "client_certificate_config": [
                  {
                    "issue_client_certificate": false
                  }
                ],
                "client_key": "",
                "cluster_ca_certificate": "LS0tLS1CRUdJTiBDRVJUSUZJQ0FURS0tLS0tCk1JSUVMVENDQXBXZ0F3SUJBZ0lSQUtsSTRHdm56SllhS2RhOHRvUW1ISEV3RFFZSktvWklodmNOQVFFTEJRQXcKTHpFdE1Dc0dBMVVFQXhNa1lXTTFPVEppTWpZdE16TXpZaTAwWlRjMUxXSmxaak10WldFell6TTRNVE0xTjJWbQpNQ0FYRFRJeU1Ea3hNekEyTWpNMU9Wb1lEekl3TlRJd09UQTFNRGN5TXpVNVdqQXZNUzB3S3dZRFZRUURFeVJoCll6VTVNbUl5Tmkwek16TmlMVFJsTnpVdFltVm1NeTFsWVROak16Z3hNelUzWldZd2dnR2lNQTBHQ1NxR1NJYjMKRFFFQkFRVUFBNElCandBd2dnR0tBb0lCZ1FEY2RLVlBLZkRRSmVIR21vR0VmR0tyQk5tcDkzaDFOeXRoYlBXQwpKL3lrRGE5dWxvMXNaay90Y1J6S2JGRVZoWm1sOFVIN3JJNGo1Qm90OFlqYnBaNUZhZGkwUHRxeGh5dFRkTlIvCmpzNGpPUFpDY1drK2ZKTERqSGg3NmNCUk9pWjZKenY1dmxMcThyR2xNTE5Idm40Zjk2N05va3ZRZk13bGxSZlgKeXpBMjVocWkxWlF1ZEFqZm5UUHZmdC94Y2dvelkzemhwQ2RRZmFTR1Q0N0J4M2VIOVRBM3N6bEVqbEJrUEh2RwpreXArb3puZ0V2VXE2ak5FM2NiL3Roa1ZpcCtPQkFkMWNwZ0JlcllBaFRmODV5QzNkb2JLakxuTWNRN0ZBT1NJClRWbU5sYy84RHYrTkQ5ZktxcEdzZGNoZHVpTWtUT051OTR0Y1VzdEdxM2hPaUtlVzFBd2FHckNTVzYwSVhLYWsKaFU3YTRDRE9SSy9YcG1hc3ErTUljRjgvUGhWOHJqZmtMenlvQVhMbzFkc1hJRlp0aDRMS3RMK2MzNWljeGpGcwppdFlkVUYzZXpmWmVtNzJGb1RSYjhjSnhrQU9tNXF6clQrQmw0U0hIMEZ5cGtaOUNTUXNHV21UR2RmcGRBZVpmClBHMm1wTmZ4MW5ycXdRamRCeVNOczRNd1BpOENBd0VBQWFOQ01FQXdEZ1lEVlIwUEFRSC9CQVFEQWdJRU1BOEcKQTFVZEV3RUIvd1FGTUFNQkFmOHdIUVlEVlIwT0JCWUVGRHNieS8vR1lBR0pZRnF2KzV2TnBjOGZaQU5yTUEwRwpDU3FHU0liM0RRRUJDd1VBQTRJQmdRQVpacXJycXYxTDRFeUNvd1BDWEtmTVhLVVRDWEt2S1dYSEhLVDRjcDhECmNEMElOTHAyNzZYbjRHRVZOV2U1NG5sWE5DYVd6WGY3bnVnYnZ1WGUzR2VSc2c2OGQvVG5XdnFUT0wxU1VIQ24KdXlmMXYzYWRPbnB3VlgvRzVNL3IrZDVjdkMxd2Q0L2JOT1plTW9kbHpYRDhacW8xa291bzlTUXIxckpxak1CSApLdmd1Ym8yenM3eFJqd1kyelBHRWpKQnJUeHNWZyttdkRINkdpekUxQ2JjL2NpbHNtYTNxL1JYYllOaDFiVkZmClBBcG1FVm1TTzE4RE1wT3F6TGZ6Zjl5TmdzWm00eXRveGZQS3hhUzdkckVWT3JiS0g1SGFtNlpUWUd3TUpINWwKZENRMGI4N2NMWlhFS0VLMStzUlhYYW9TeElUTzdpQzNRODZRSDRrdnRaWkZVLzVIK1A5QXZ4VGhya1RlRGlCeApxWEkyd2J6ank0azUvaEZuMmljU3hpNVVMK2VLNnlRWEFSSjdvZWgvemFTRFdDYk1sMy9CZ0xKKzdmMUFlU0V2CkJRdmRVN3E0SXhpaUEyd0xtdnlkVG9ITEIwM3VhNVBvSlpBODR0c0FNcEFJa2JnT3FjTnR5MXZUeGNBek1wNUIKeXBvTGR4bllJQ2RGRmt0OG9WRkZkS0U9Ci0tLS0tRU5EIENFUlRJRklDQVRFLS0tLS0K"
              }
            ],
            "master_authorized_networks_config": [],
            "master_version": "1.22.11-gke.400",
            "mesh_certificates": [],
            "min_master_version": null,
            "monitoring_config": [
              {
                "enable_components": [
                  "SYSTEM_COMPONENTS"
                ]
              }
            ],
            "monitoring_service": "monitoring.googleapis.com/kubernetes",
            "name": "todo-app-cluster",
            "network": "projects/altenar-deliseev-0/global/networks/default",
            "network_policy": [
              {
                "enabled": false,
                "provider": "PROVIDER_UNSPECIFIED"
              }
            ],
            "networking_mode": "ROUTES",
            "node_config": [
              {
                "boot_disk_kms_key": "",
                "disk_size_gb": 100,
                "disk_type": "pd-standard",
                "gcfs_config": [],
                "guest_accelerator": [],
                "gvnic": [],
                "image_type": "COS_CONTAINERD",
                "labels": {
                  "foo": "main"
                },
                "local_ssd_count": 0,
                "machine_type": "e2-small",
                "metadata": {
                  "disable-legacy-endpoints": "true"
                },
                "min_cpu_platform": "",
                "node_group": "",
                "oauth_scopes": [
                  "https://www.googleapis.com/auth/logging.write",
                  "https://www.googleapis.com/auth/monitoring"
                ],
                "preemptible": false,
                "reservation_affinity": [],
                "service_account": "terraform-agent@altenar-deliseev-0.iam.gserviceaccount.com",
                "shielded_instance_config": [
                  {
                    "enable_integrity_monitoring": true,
                    "enable_secure_boot": false
                  }
                ],
                "spot": false,
                "tags": [
                  "main",
                  "node"
                ],
                "taint": [],
                "workload_metadata_config": []
              }
            ],
            "node_locations": [],
            "node_pool": [
              {
                "autoscaling": [],
                "initial_node_count": 1,
                "instance_group_urls": [
                  "https://www.googleapis.com/compute/v1/projects/altenar-deliseev-0/zones/europe-central2-a/instanceGroupManagers/gke-todo-app-cluster-default-pool-275d0d51-grp"
                ],
                "managed_instance_group_urls": [
                  "https://www.googleapis.com/compute/v1/projects/altenar-deliseev-0/zones/europe-central2-a/instanceGroups/gke-todo-app-cluster-default-pool-275d0d51-grp"
                ],
                "management": [
                  {
                    "auto_repair": true,
                    "auto_upgrade": true
                  }
                ],
                "max_pods_per_node": 0,
                "name": "default-pool",
                "name_prefix": "",
                "node_config": [
                  {
                    "boot_disk_kms_key": "",
                    "disk_size_gb": 100,
                    "disk_type": "pd-standard",
                    "gcfs_config": [],
                    "guest_accelerator": [],
                    "gvnic": [],
                    "image_type": "COS_CONTAINERD",
                    "labels": {
                      "foo": "main"
                    },
                    "local_ssd_count": 0,
                    "machine_type": "e2-small",
                    "metadata": {
                      "disable-legacy-endpoints": "true"
                    },
                    "min_cpu_platform": "",
                    "node_group": "",
                    "oauth_scopes": [
                      "https://www.googleapis.com/auth/logging.write",
                      "https://www.googleapis.com/auth/monitoring"
                    ],
                    "preemptible": false,
                    "reservation_affinity": [],
                    "service_account": "terraform-agent@altenar-deliseev-0.iam.gserviceaccount.com",
                    "shielded_instance_config": [
                      {
                        "enable_integrity_monitoring": true,
                        "enable_secure_boot": false
                      }
                    ],
                    "spot": false,
                    "tags": [
                      "main",
                      "node"
                    ],
                    "taint": [],
                    "workload_metadata_config": []
                  }
                ],
                "node_count": 1,
                "node_locations": [
                  "europe-central2-a"
                ],
                "upgrade_settings": [
                  {
                    "max_surge": 1,
                    "max_unavailable": 0
                  }
                ],
                "version": "1.22.11-gke.400"
              }
            ],
            "node_version": "1.22.11-gke.400",
            "notification_config": [
              {
                "pubsub": [
                  {
                    "enabled": false,
                    "topic": ""
                  }
                ]
              }
            ],
            "operation": null,
            "private_cluster_config": [],
            "private_ipv6_google_access": "",
            "project": "altenar-deliseev-0",
            "release_channel": [
              {
                "channel": "REGULAR"
              }
            ],
            "remove_default_node_pool": null,
            "resource_labels": {},
            "resource_usage_export_config": [],
            "self_link": "https://container.googleapis.com/v1/projects/altenar-deliseev-0/zones/europe-central2-a/clusters/todo-app-cluster",
            "services_ipv4_cidr": "10.107.240.0/20",
            "subnetwork": "projects/altenar-deliseev-0/regions/europe-central2/subnetworks/default",
            "timeouts": {
              "create": "30m",
              "delete": null,
              "read": null,
              "update": "40m"
            },
            "tpu_ipv4_cidr_block": "",
            "vertical_pod_autoscaling": [],
            "workload_identity_config": []
          },
          "sensitive_attributes": [],
          "private": "eyJlMmJmYjczMC1lY2FhLTExZTYtOGY4OC0zNDM2M2JjN2M0YzAiOnsiY3JlYXRlIjoxODAwMDAwMDAwMDAwLCJkZWxldGUiOjI0MDAwMDAwMDAwMDAsInJlYWQiOjI0MDAwMDAwMDAwMDAsInVwZGF0ZSI6MjQwMDAwMDAwMDAwMH0sInNjaGVtYV92ZXJzaW9uIjoiMSJ9"
        }
      ]
    }
  ]
}
