{
  "version": 4,
  "terraform_version": "1.2.8",
  "serial": 218,
  "lineage": "76703c0c-1ec8-4c81-8a29-ad3b970316fa",
  "outputs": {},
  "resources": [
    {
      "mode": "managed",
      "type": "google_container_cluster",
      "name": "todo-app-cluster",
      "provider": "provider[\"registry.terraform.io/hashicorp/google\"]",
      "instances": [
        {
          "schema_version": 1,
          "attributes": {
            "addons_config": [
              {
                "cloudrun_config": [],
                "dns_cache_config": [],
                "gce_persistent_disk_csi_driver_config": [
                  {
                    "enabled": true
                  }
                ],
                "gcp_filestore_csi_driver_config": [],
                "horizontal_pod_autoscaling": [],
                "http_load_balancing": [],
                "network_policy_config": [
                  {
                    "disabled": true
                  }
                ]
              }
            ],
            "authenticator_groups_config": [],
            "binary_authorization": [
              {
                "enabled": false,
                "evaluation_mode": ""
              }
            ],
            "cluster_autoscaling": [
              {
                "auto_provisioning_defaults": [],
                "enabled": false,
                "resource_limits": []
              }
            ],
            "cluster_ipv4_cidr": "10.104.0.0/14",
            "confidential_nodes": [],
            "database_encryption": [
              {
                "key_name": "",
                "state": "DECRYPTED"
              }
            ],
            "datapath_provider": "",
            "default_max_pods_per_node": null,
            "default_snat_status": [
              {
                "disabled": false
              }
            ],
            "description": "",
            "dns_config": [],
            "enable_autopilot": false,
            "enable_binary_authorization": false,
            "enable_intranode_visibility": false,
            "enable_kubernetes_alpha": false,
            "enable_legacy_abac": false,
            "enable_shielded_nodes": true,
            "enable_tpu": false,
            "endpoint": "34.116.145.255",
            "id": "projects/altenar-deliseev-0/locations/europe-central2-a/clusters/todo-app-cluster",
            "initial_node_count": 1,
            "ip_allocation_policy": [],
            "label_fingerprint": "a9dc16a7",
            "location": "europe-central2-a",
            "logging_config": [
              {
                "enable_components": [
                  "SYSTEM_COMPONENTS",
                  "WORKLOADS"
                ]
              }
            ],
            "logging_service": "logging.googleapis.com/kubernetes",
            "maintenance_policy": [],
            "master_auth": [
              {
                "client_certificate": "",
                "client_certificate_config": [
                  {
                    "issue_client_certificate": false
                  }
                ],
                "client_key": "",
                "cluster_ca_certificate": "LS0tLS1CRUdJTiBDRVJUSUZJQ0FURS0tLS0tCk1JSUVMRENDQXBTZ0F3SUJBZ0lRT2V2ZDEwRGtxR2xCSWhBcGpLYjIyREFOQmdrcWhraUc5dzBCQVFzRkFEQXYKTVMwd0t3WURWUVFERXlSa1lUZzBPR1kzT0MweU5HTXhMVFJoT0RrdFlqaGtOQzFpTW1FM1pqQTBZamd5TVdRdwpJQmNOTWpJd09USTVNVGd5TnpBNVdoZ1BNakExTWpBNU1qRXhPVEkzTURsYU1DOHhMVEFyQmdOVkJBTVRKR1JoCk9EUTRaamM0TFRJMFl6RXROR0U0T1MxaU9HUTBMV0l5WVRkbU1EUmlPREl4WkRDQ0FhSXdEUVlKS29aSWh2Y04KQVFFQkJRQURnZ0dQQURDQ0FZb0NnZ0dCQU0rVHY0R1ArTWlSSUdFVTJHcXpHN1l3bUFNMW1wVUNiOUNoV2phYgpKK2xEdmNya2JSTndMV3hMK1VtYm13NW81eStsYTBUQ1prOG05M3FZdEVrdXdCS1JmenRvdDN0VGFVN21xZWduCkJZSGxHWGVJSHF4NHlYbjN2SzNiN1hYd2FPU3J0Z3FXb0cwNjdaN0pmU2d0aWVYNEVwRDVrRG9OWTJiVEZxajEKU3ltY3pvNEV4TlhMRWhWNkJiSzRwdEZQcElFU3BSSzZXaWhzWmV3SzA0UWptNlNPa2ZHSklNblRHQkZhcDFaNgpqRFdTUDNZclE5bkpydUV4NDE2RFJKWVBUSU5yYytpN1d1VWxlN1U4azVjNHVSdHdLNjNBOE95RjNEenltejZRClhZNGFQcTZpUXlqSkxTUGZTNEhGK25ZU3VUU1dnanlMWGlPWDVYbFl4Zk9mUkl4aytCcUhLVE1aRlA1L3ZSU00KNEhFeE13MjFWT3VUN1F0aGVGcFNmSDF6R2hRb0crdURTci96UldsRnV6bEM1OFJNRzV0eG1zTnhOUjdQYjZNeQp5UUMzNnBXSk5ucHBSckJGeG1iYmJTUnp4anhoNi9zeVZUc0J1MVZjcG9YMkhjT2dxb1RGdUtrMEFCWTkydTgwCjhNcEhHSzI3ZEVLcXVVMTV2c05JbENlQ3pRSURBUUFCbzBJd1FEQU9CZ05WSFE4QkFmOEVCQU1DQWdRd0R3WUQKVlIwVEFRSC9CQVV3QXdFQi96QWRCZ05WSFE0RUZnUVVuNWgrZTZ6VVdSMVlxUEFRWUVDOHRCdUxWSzh3RFFZSgpLb1pJaHZjTkFRRUxCUUFEZ2dHQkFGYnI2bWdtemhaL3RLa3M5dGFMSHkwQzNUcnhacWxhT3BIUGlROEpGZG5YCjVOUHpNUDdYM1IwL2xVSXJNUURWVHliOSswdEwrc2p0UHMyWkZDUkMwVXBpMFROM3VxVmNrVTY3czhzaVNOT0MKS00xZzdjejdDL3NhNlNCanZJdjU3ek9hQTZ5SkRzWitVSTZRVXdveFZZV0lqZHNLODFIY2dLVjFML3VRdmNTVwp5SUZCbEZMbDRCUW8wSDNhd3ZCeEFwdVU0d0NOcGZKNFBEZ2RLbllnNXFFelAwRldTUmhnS2diVlk0Ri9GdThaCkU4RDhxcko1aTdoeHVkMXhLMXZGNm5CcHlrRXhNMmRjTVc3UXVoOC9qTklnNHY2dlRiYmcxZ295OEdrSTcxRHcKSW5EZUNGdUFwVnlNUTRZWlc4RXBrME8xU1JxNENJeHk5aXQxWXBxODl0SUM5VXRXc3dPU0g5U041Y3M4MlR0YgpXOUNxdndOOXZzYlIzckRTL0l1cUF2TlZiNmtMUEdmdExNQkdtUm1RRXVDR1NrNTNtWmdOM3VyR1hhSldvTmFwCjhmb0h4VlNNT2ZpLzAveE9GTE9tY1BaYnR3YW9BOVV1Z2FMbk9SaE9ZSGt1QU5aSFMwRDVldldNN2V2dmE0VEkKalRDakkydWR6a1pPZm9zaklHWFhFZz09Ci0tLS0tRU5EIENFUlRJRklDQVRFLS0tLS0K"
              }
            ],
            "master_authorized_networks_config": [],
            "master_version": "1.22.12-gke.300",
            "mesh_certificates": [],
            "min_master_version": null,
            "monitoring_config": [
              {
                "enable_components": [
                  "SYSTEM_COMPONENTS"
                ]
              }
            ],
            "monitoring_service": "monitoring.googleapis.com/kubernetes",
            "name": "todo-app-cluster",
            "network": "projects/altenar-deliseev-0/global/networks/default",
            "network_policy": [
              {
                "enabled": false,
                "provider": "PROVIDER_UNSPECIFIED"
              }
            ],
            "networking_mode": "ROUTES",
            "node_config": [
              {
                "boot_disk_kms_key": "",
                "disk_size_gb": 100,
                "disk_type": "pd-standard",
                "gcfs_config": [],
                "guest_accelerator": [],
                "gvnic": [],
                "image_type": "COS_CONTAINERD",
                "labels": {
                  "foo": "main"
                },
                "local_ssd_count": 0,
                "machine_type": "e2-small",
                "metadata": {
                  "disable-legacy-endpoints": "true"
                },
                "min_cpu_platform": "",
                "node_group": "",
                "oauth_scopes": [
                  "https://www.googleapis.com/auth/logging.write",
                  "https://www.googleapis.com/auth/monitoring"
                ],
                "preemptible": false,
                "reservation_affinity": [],
                "service_account": "terraform-agent@altenar-deliseev-0.iam.gserviceaccount.com",
                "shielded_instance_config": [
                  {
                    "enable_integrity_monitoring": true,
                    "enable_secure_boot": false
                  }
                ],
                "spot": false,
                "tags": [
                  "main",
                  "node"
                ],
                "taint": [],
                "workload_metadata_config": []
              }
            ],
            "node_locations": [],
            "node_pool": [
              {
                "autoscaling": [],
                "initial_node_count": 1,
                "instance_group_urls": [
                  "https://www.googleapis.com/compute/v1/projects/altenar-deliseev-0/zones/europe-central2-a/instanceGroupManagers/gke-todo-app-cluster-default-pool-34e75032-grp"
                ],
                "managed_instance_group_urls": [
                  "https://www.googleapis.com/compute/v1/projects/altenar-deliseev-0/zones/europe-central2-a/instanceGroups/gke-todo-app-cluster-default-pool-34e75032-grp"
                ],
                "management": [
                  {
                    "auto_repair": true,
                    "auto_upgrade": true
                  }
                ],
                "max_pods_per_node": 0,
                "name": "default-pool",
                "name_prefix": "",
                "node_config": [
                  {
                    "boot_disk_kms_key": "",
                    "disk_size_gb": 100,
                    "disk_type": "pd-standard",
                    "gcfs_config": [],
                    "guest_accelerator": [],
                    "gvnic": [],
                    "image_type": "COS_CONTAINERD",
                    "labels": {
                      "foo": "main"
                    },
                    "local_ssd_count": 0,
                    "machine_type": "e2-small",
                    "metadata": {
                      "disable-legacy-endpoints": "true"
                    },
                    "min_cpu_platform": "",
                    "node_group": "",
                    "oauth_scopes": [
                      "https://www.googleapis.com/auth/logging.write",
                      "https://www.googleapis.com/auth/monitoring"
                    ],
                    "preemptible": false,
                    "reservation_affinity": [],
                    "service_account": "terraform-agent@altenar-deliseev-0.iam.gserviceaccount.com",
                    "shielded_instance_config": [
                      {
                        "enable_integrity_monitoring": true,
                        "enable_secure_boot": false
                      }
                    ],
                    "spot": false,
                    "tags": [
                      "main",
                      "node"
                    ],
                    "taint": [],
                    "workload_metadata_config": []
                  }
                ],
                "node_count": 1,
                "node_locations": [
                  "europe-central2-a"
                ],
                "upgrade_settings": [
                  {
                    "max_surge": 1,
                    "max_unavailable": 0
                  }
                ],
                "version": "1.22.12-gke.300"
              }
            ],
            "node_version": "1.22.12-gke.300",
            "notification_config": [
              {
                "pubsub": [
                  {
                    "enabled": false,
                    "topic": ""
                  }
                ]
              }
            ],
            "operation": null,
            "private_cluster_config": [],
            "private_ipv6_google_access": "",
            "project": "altenar-deliseev-0",
            "release_channel": [
              {
                "channel": "REGULAR"
              }
            ],
            "remove_default_node_pool": null,
            "resource_labels": null,
            "resource_usage_export_config": [],
            "self_link": "https://container.googleapis.com/v1/projects/altenar-deliseev-0/zones/europe-central2-a/clusters/todo-app-cluster",
            "services_ipv4_cidr": "10.107.240.0/20",
            "subnetwork": "projects/altenar-deliseev-0/regions/europe-central2/subnetworks/default",
            "timeouts": {
              "create": "30m",
              "delete": null,
              "read": null,
              "update": "40m"
            },
            "tpu_ipv4_cidr_block": "",
            "vertical_pod_autoscaling": [],
            "workload_identity_config": []
          },
          "sensitive_attributes": [],
          "private": "eyJlMmJmYjczMC1lY2FhLTExZTYtOGY4OC0zNDM2M2JjN2M0YzAiOnsiY3JlYXRlIjoxODAwMDAwMDAwMDAwLCJkZWxldGUiOjI0MDAwMDAwMDAwMDAsInJlYWQiOjI0MDAwMDAwMDAwMDAsInVwZGF0ZSI6MjQwMDAwMDAwMDAwMH0sInNjaGVtYV92ZXJzaW9uIjoiMSJ9"
        }
      ]
    },
    {
      "mode": "managed",
      "type": "google_container_registry",
      "name": "registry",
      "provider": "provider[\"registry.terraform.io/hashicorp/google\"]",
      "instances": [
        {
          "schema_version": 0,
          "attributes": {
            "bucket_self_link": "https://www.googleapis.com/storage/v1/b/eu.artifacts.altenar-deliseev-0.appspot.com",
            "id": "eu.artifacts.altenar-deliseev-0.appspot.com",
            "location": "EU",
            "project": "altenar-deliseev-0"
          },
          "sensitive_attributes": [],
          "private": "bnVsbA=="
        }
      ]
    }
  ]
}
