{
  "version": 4,
  "terraform_version": "1.2.8",
  "serial": 182,
  "lineage": "76703c0c-1ec8-4c81-8a29-ad3b970316fa",
  "outputs": {},
  "resources": [
    {
      "mode": "managed",
      "type": "google_container_cluster",
      "name": "todo-app-cluster",
      "provider": "provider[\"registry.terraform.io/hashicorp/google\"]",
      "instances": [
        {
          "schema_version": 1,
          "attributes": {
            "addons_config": [
              {
                "cloudrun_config": [],
                "dns_cache_config": [],
                "gce_persistent_disk_csi_driver_config": [
                  {
                    "enabled": true
                  }
                ],
                "gcp_filestore_csi_driver_config": [],
                "horizontal_pod_autoscaling": [],
                "http_load_balancing": [],
                "network_policy_config": [
                  {
                    "disabled": true
                  }
                ]
              }
            ],
            "authenticator_groups_config": [],
            "binary_authorization": [
              {
                "enabled": false,
                "evaluation_mode": ""
              }
            ],
            "cluster_autoscaling": [
              {
                "auto_provisioning_defaults": [],
                "enabled": false,
                "resource_limits": []
              }
            ],
            "cluster_ipv4_cidr": "10.104.0.0/14",
            "confidential_nodes": [],
            "database_encryption": [
              {
                "key_name": "",
                "state": "DECRYPTED"
              }
            ],
            "datapath_provider": "",
            "default_max_pods_per_node": null,
            "default_snat_status": [
              {
                "disabled": false
              }
            ],
            "description": "",
            "dns_config": [],
            "enable_autopilot": false,
            "enable_binary_authorization": false,
            "enable_intranode_visibility": false,
            "enable_kubernetes_alpha": false,
            "enable_legacy_abac": false,
            "enable_shielded_nodes": true,
            "enable_tpu": false,
            "endpoint": "34.118.54.24",
            "id": "projects/altenar-deliseev-0/locations/europe-central2-a/clusters/todo-app-cluster",
            "initial_node_count": 1,
            "ip_allocation_policy": [],
            "label_fingerprint": "a9dc16a7",
            "location": "europe-central2-a",
            "logging_config": [
              {
                "enable_components": [
                  "SYSTEM_COMPONENTS",
                  "WORKLOADS"
                ]
              }
            ],
            "logging_service": "logging.googleapis.com/kubernetes",
            "maintenance_policy": [],
            "master_auth": [
              {
                "client_certificate": "",
                "client_certificate_config": [
                  {
                    "issue_client_certificate": false
                  }
                ],
                "client_key": "",
                "cluster_ca_certificate": "LS0tLS1CRUdJTiBDRVJUSUZJQ0FURS0tLS0tCk1JSUVMRENDQXBTZ0F3SUJBZ0lRRlp1SE1XUTdybkVQd2h2RWdadTFYakFOQmdrcWhraUc5dzBCQVFzRkFEQXYKTVMwd0t3WURWUVFERXlRMU1ETTNPV1kyTlMwNE1ERXlMVFJtTkRjdFlqaGlZaTFsWlRVMllUYzRabVE0TnpRdwpJQmNOTWpJd09USXlNVEF4TWpVd1doZ1BNakExTWpBNU1UUXhNVEV5TlRCYU1DOHhMVEFyQmdOVkJBTVRKRFV3Ck16YzVaalkxTFRnd01USXROR1kwTnkxaU9HSmlMV1ZsTlRaaE56aG1aRGczTkRDQ0FhSXdEUVlKS29aSWh2Y04KQVFFQkJRQURnZ0dQQURDQ0FZb0NnZ0dCQUtZcnNWTTNaK25OVElvQ3dxUDdMTWlJWXIvZktkT3dmbm16MU1meApDZnBqUVkvU3IwemZudnp6bW1WRkJ6RGVKVkFoQlVJdnRFTG9SSFBXNFhLcmVXUGp3Zi9rQ1BKM0hUNjVTWS9MCjVvcWxtcHRLNmh5MnpTTWZ4RitMYXJXUWpSOVJralpKMk9wRFBOU01lNCtvcS80MkV0cWdYcTdOQ1hST0RscSsKaWdqaE45QmdvVnFWRjBTcVNDbjdqOFF6UXp3ZFZhcUgyKy9NbEhFYmdYMjd2blliUTRobjFscWtJUVZEbU9OQgpwV2R3YnlFeTBoVkRDaTV3bEJpMGgzc1dsWXFFQi9yb0F2RVo1SFRZaFpyQWowVnI3WmRNYjhNUDN1bk5hYlRlCjJ4N2xwSTFOY1RsSXpEZkdHZ0tJd1hlb3hpUGR2bHlqSEJzTjZUQUhOVi9abUFBMW5NTTlPYXVQRmk4b1h3b3AKTzFEOW5pL1BoTUkzbTB5Z1c1cGZpYWI5di8wRThJUTlCUWNxSHkzUDJSL25xeUV4cVREbyt5YmYyNDFMRmg1QQprUHFEdEJ4cWNOMlc0Q2VTYWR5RUJhVGRyNDRDc1pjbFZmQkxhVGRqbWV0MklRcGxaaWRlbG5hWDF4Vm5rTjRnCmp4bWJMdlR0M3QrYWYzTmNyM2U4a2cyLzJ3SURBUUFCbzBJd1FEQU9CZ05WSFE4QkFmOEVCQU1DQWdRd0R3WUQKVlIwVEFRSC9CQVV3QXdFQi96QWRCZ05WSFE0RUZnUVV4blpnZHVkdktWNXBQalZrMHhvckxRTjJaZ0l3RFFZSgpLb1pJaHZjTkFRRUxCUUFEZ2dHQkFFUG9QL1o1eVpxbzZNVUZVd3FFeDFQM3NLRDNHZzhzNzZuOTVwaU11NHJjCjlwNDdnYUp0ckhzR0xLZm52dVpJeWo0NlBGaWlTUUNSZ2xwTnV0SGp5OWNRb2FlV0xDbVV1RDIxRURMaHlBY1YKcEFWbUdlNFBpWlI1dVVlUW5vbkRWZEhldWo2Smw0RWZONmlwTGdFZEpVNldLZmF4WlJ6RXhRdDBNSVA2alIwaQoxQ1ZDaTA0Z29lZ1hvdWh5c0Z1aWIrNFBwd0Y0S2wvSkpZK000WEd3cndiai9Rb2diZ0ovbmFCSjQ2NzZNYlplCnpDa3JaUkljSHJZTE1vMGZlOHdXWUJQTmh5VEtTVHJmTit3MW9JUi9ZOHpOamphMGlZbC9mUUVxanh2Q0JWZmUKa3QwekNKTVNUSFJOcVN5QTQvYUdwMG1pWUVVZHA1RDNRVWhZQmNTMW1oRXIrQXY5dlBHMW1EZWJMRXJWMlgzWgpsT1RKcE1YNVFzaXhIUWJKQkx0VmxIOEZ0bGtCTGhtMGxON3FqanVjK0kyeXR3T2ZmUHNpOXNmQ3BuYS9yWDlSCjhjOVlBK0hFUk81Wmx5RU9yYzA5L0xLbXBUaVVUamNOeEw0VGJGVGI1SUhaTzdIbzRSRndmM0VZWlNGSEMxcSsKSGtJbytnNjJvNGdEU0oveXFnRFlRUT09Ci0tLS0tRU5EIENFUlRJRklDQVRFLS0tLS0K"
              }
            ],
            "master_authorized_networks_config": [],
            "master_version": "1.22.12-gke.300",
            "mesh_certificates": [],
            "min_master_version": null,
            "monitoring_config": [
              {
                "enable_components": [
                  "SYSTEM_COMPONENTS"
                ]
              }
            ],
            "monitoring_service": "monitoring.googleapis.com/kubernetes",
            "name": "todo-app-cluster",
            "network": "projects/altenar-deliseev-0/global/networks/default",
            "network_policy": [
              {
                "enabled": false,
                "provider": "PROVIDER_UNSPECIFIED"
              }
            ],
            "networking_mode": "ROUTES",
            "node_config": [
              {
                "boot_disk_kms_key": "",
                "disk_size_gb": 100,
                "disk_type": "pd-standard",
                "gcfs_config": [],
                "guest_accelerator": [],
                "gvnic": [],
                "image_type": "COS_CONTAINERD",
                "labels": {
                  "foo": "main"
                },
                "local_ssd_count": 0,
                "machine_type": "e2-small",
                "metadata": {
                  "disable-legacy-endpoints": "true"
                },
                "min_cpu_platform": "",
                "node_group": "",
                "oauth_scopes": [
                  "https://www.googleapis.com/auth/logging.write",
                  "https://www.googleapis.com/auth/monitoring"
                ],
                "preemptible": false,
                "reservation_affinity": [],
                "service_account": "terraform-agent@altenar-deliseev-0.iam.gserviceaccount.com",
                "shielded_instance_config": [
                  {
                    "enable_integrity_monitoring": true,
                    "enable_secure_boot": false
                  }
                ],
                "spot": false,
                "tags": [
                  "main",
                  "node"
                ],
                "taint": [],
                "workload_metadata_config": []
              }
            ],
            "node_locations": [],
            "node_pool": [
              {
                "autoscaling": [],
                "initial_node_count": 1,
                "instance_group_urls": [
                  "https://www.googleapis.com/compute/v1/projects/altenar-deliseev-0/zones/europe-central2-a/instanceGroupManagers/gke-todo-app-cluster-default-pool-6f5b7c26-grp"
                ],
                "managed_instance_group_urls": [
                  "https://www.googleapis.com/compute/v1/projects/altenar-deliseev-0/zones/europe-central2-a/instanceGroups/gke-todo-app-cluster-default-pool-6f5b7c26-grp"
                ],
                "management": [
                  {
                    "auto_repair": true,
                    "auto_upgrade": true
                  }
                ],
                "max_pods_per_node": 0,
                "name": "default-pool",
                "name_prefix": "",
                "node_config": [
                  {
                    "boot_disk_kms_key": "",
                    "disk_size_gb": 100,
                    "disk_type": "pd-standard",
                    "gcfs_config": [],
                    "guest_accelerator": [],
                    "gvnic": [],
                    "image_type": "COS_CONTAINERD",
                    "labels": {
                      "foo": "main"
                    },
                    "local_ssd_count": 0,
                    "machine_type": "e2-small",
                    "metadata": {
                      "disable-legacy-endpoints": "true"
                    },
                    "min_cpu_platform": "",
                    "node_group": "",
                    "oauth_scopes": [
                      "https://www.googleapis.com/auth/logging.write",
                      "https://www.googleapis.com/auth/monitoring"
                    ],
                    "preemptible": false,
                    "reservation_affinity": [],
                    "service_account": "terraform-agent@altenar-deliseev-0.iam.gserviceaccount.com",
                    "shielded_instance_config": [
                      {
                        "enable_integrity_monitoring": true,
                        "enable_secure_boot": false
                      }
                    ],
                    "spot": false,
                    "tags": [
                      "main",
                      "node"
                    ],
                    "taint": [],
                    "workload_metadata_config": []
                  }
                ],
                "node_count": 1,
                "node_locations": [
                  "europe-central2-a"
                ],
                "upgrade_settings": [
                  {
                    "max_surge": 1,
                    "max_unavailable": 0
                  }
                ],
                "version": "1.22.12-gke.300"
              }
            ],
            "node_version": "1.22.12-gke.300",
            "notification_config": [
              {
                "pubsub": [
                  {
                    "enabled": false,
                    "topic": ""
                  }
                ]
              }
            ],
            "operation": null,
            "private_cluster_config": [],
            "private_ipv6_google_access": "",
            "project": "altenar-deliseev-0",
            "release_channel": [
              {
                "channel": "REGULAR"
              }
            ],
            "remove_default_node_pool": null,
            "resource_labels": null,
            "resource_usage_export_config": [],
            "self_link": "https://container.googleapis.com/v1/projects/altenar-deliseev-0/zones/europe-central2-a/clusters/todo-app-cluster",
            "services_ipv4_cidr": "10.107.240.0/20",
            "subnetwork": "projects/altenar-deliseev-0/regions/europe-central2/subnetworks/default",
            "timeouts": {
              "create": "30m",
              "delete": null,
              "read": null,
              "update": "40m"
            },
            "tpu_ipv4_cidr_block": "",
            "vertical_pod_autoscaling": [],
            "workload_identity_config": []
          },
          "sensitive_attributes": [],
          "private": "eyJlMmJmYjczMC1lY2FhLTExZTYtOGY4OC0zNDM2M2JjN2M0YzAiOnsiY3JlYXRlIjoxODAwMDAwMDAwMDAwLCJkZWxldGUiOjI0MDAwMDAwMDAwMDAsInJlYWQiOjI0MDAwMDAwMDAwMDAsInVwZGF0ZSI6MjQwMDAwMDAwMDAwMH0sInNjaGVtYV92ZXJzaW9uIjoiMSJ9"
        }
      ]
    },
    {
      "mode": "managed",
      "type": "google_container_registry",
      "name": "registry",
      "provider": "provider[\"registry.terraform.io/hashicorp/google\"]",
      "instances": [
        {
          "schema_version": 0,
          "attributes": {
            "bucket_self_link": "https://www.googleapis.com/storage/v1/b/eu.artifacts.altenar-deliseev-0.appspot.com",
            "id": "eu.artifacts.altenar-deliseev-0.appspot.com",
            "location": "EU",
            "project": "altenar-deliseev-0"
          },
          "sensitive_attributes": [],
          "private": "bnVsbA=="
        }
      ]
    }
  ]
}
